
Microsoft Visual Studio Solution File, Format Version 12.00
# Visual Studio Version 17
VisualStudioVersion = 17.2.32616.157
MinimumVisualStudioVersion = 10.0.40219.1
Project("{FAE04EC0-301F-11D3-BF4B-00C04F79EFBC}") = "MyLeasing.Common", "MyLeasing.Common\MyLeasing.Common.csproj", "{BE929EEF-2193-493A-975C-278ADF6B940F}"
EndProject
Project("{FAE04EC0-301F-11D3-BF4B-00C04F79EFBC}") = "MyLeasing.Web", "MyLeasing.Web\MyLeasing.Web.csproj", "{A203D514-0503-477D-A8CB-E6CB7F1523DB}"
EndProject
Global
	GlobalSection(SolutionConfigurationPlatforms) = preSolution
		Debug|Any CPU = Debug|Any CPU
		Release|Any CPU = Release|Any CPU
	EndGlobalSection
	GlobalSection(ProjectConfigurationPlatforms) = postSolution
		{BE929EEF-2193-493A-975C-278ADF6B940F}.Debug|Any CPU.ActiveCfg = Debug|Any CPU
		{BE929EEF-2193-493A-975C-278ADF6B940F}.Debug|Any CPU.Build.0 = Debug|Any CPU
		{BE929EEF-2193-493A-975C-278ADF6B940F}.Release|Any CPU.ActiveCfg = Release|Any CPU
		{BE929EEF-2193-493A-975C-278ADF6B940F}.Release|Any CPU.Build.0 = Release|Any CPU
		{A203D514-0503-477D-A8CB-E6CB7F1523DB}.Debug|Any CPU.ActiveCfg = Debug|Any CPU
		{A203D514-0503-477D-A8CB-E6CB7F1523DB}.Debug|Any CPU.Build.0 = Debug|Any CPU
		{A203D514-0503-477D-A8CB-E6CB7F1523DB}.Release|Any CPU.ActiveCfg = Release|Any CPU
		{A203D514-0503-477D-A8CB-E6CB7F1523DB}.Release|Any CPU.Build.0 = Release|Any CPU
	EndGlobalSection
	GlobalSection(SolutionProperties) = preSolution
		HideSolutionNode = FALSE
	EndGlobalSection
	GlobalSection(ExtensibilityGlobals) = postSolution
		SolutionGuid = {1F2E31F2-A883-403F-B9CF-A8DE92B97750}
	EndGlobalSection
EndGlobal
